
Microsoft Visual Studio Solution File, Format Version 12.00
# Visual Studio Version 16
VisualStudioVersion = 16.0.33529.622
MinimumVisualStudioVersion = 10.0.40219.1
Project("{FAE04EC0-301F-11D3-BF4B-00C04F79EFBC}") = "Sistema Vendas", "Sistema Vendas.csproj", "{D1C781A5-A132-4ABA-87F5-410B025DAE83}"
EndProject
Global
	GlobalSection(SolutionConfigurationPlatforms) = preSolution
		Debug|Any CPU = Debug|Any CPU
		Release|Any CPU = Release|Any CPU
	EndGlobalSection
	GlobalSection(ProjectConfigurationPlatforms) = postSolution
		{D1C781A5-A132-4ABA-87F5-410B025DAE83}.Debug|Any CPU.ActiveCfg = Debug|Any CPU
		{D1C781A5-A132-4ABA-87F5-410B025DAE83}.Debug|Any CPU.Build.0 = Debug|Any CPU
		{D1C781A5-A132-4ABA-87F5-410B025DAE83}.Release|Any CPU.ActiveCfg = Release|Any CPU
		{D1C781A5-A132-4ABA-87F5-410B025DAE83}.Release|Any CPU.Build.0 = Release|Any CPU
	EndGlobalSection
	GlobalSection(SolutionProperties) = preSolution
		HideSolutionNode = FALSE
	EndGlobalSection
	GlobalSection(ExtensibilityGlobals) = postSolution
		SolutionGuid = {85BB4F5A-34B1-4A25-9390-C4E06B114375}
	EndGlobalSection
EndGlobal
